{
    "format_version": "1.0",
    "provider_schemas": {
        "registry.terraform.io/portainer/portainer": {
            "provider": {
                "version": 0,
                "block": {
                    "attributes": {
                        "api_key": {
                            "type": "string",
                            "description": "API key to authenticate with Portainer. Mutually exclusive with 'user' and 'password'.",
                            "description_kind": "plain",
                            "optional": true,
                            "sensitive": true
                        },
                        "api_password": {
                            "type": "string",
                            "description": "Password for authentication. Must be used together with 'user'.",
                            "description_kind": "plain",
                            "optional": true,
                            "sensitive": true
                        },
                        "api_user": {
                            "type": "string",
                            "description": "Username for authentication. Must be used together with 'password'.",
                            "description_kind": "plain",
                            "optional": true,
                            "sensitive": true
                        },
                        "endpoint": {
                            "type": "string",
                            "description": "URL of the Portainer instance (e.g. https://portainer.example.com). '/api' will be appended automatically if missing.",
                            "description_kind": "plain",
                            "required": true
                        },
                        "skip_ssl_verify": {
                            "type": "bool",
                            "description": "Verify the SSL/TLS certificate for the Portainer endpoint",
                            "description_kind": "plain",
                            "optional": true
                        }
                    },
                    "description_kind": "plain"
                }
            },
            "resource_schemas": {
                "portainer_auth": {
                    "version": 0,
                    "block": {
                        "attributes": {
                            "id": {
                                "type": "string",
                                "description_kind": "plain",
                                "optional": true,
                                "computed": true
                            },
                            "jwt": {
                                "type": "string",
                                "description_kind": "plain",
                                "computed": true,
                                "sensitive": true
                            },
                            "password": {
                                "type": "string",
                                "description_kind": "plain",
                                "required": true,
                                "sensitive": true
                            },
                            "username": {
                                "type": "string",
                                "description_kind": "plain",
                                "required": true,
                                "sensitive": true
                            }
                        },
                        "description_kind": "plain"
                    }
                },
                "portainer_backup": {
                    "version": 0,
                    "block": {
                        "attributes": {
                            "id": {
                                "type": "string",
                                "description_kind": "plain",
                                "optional": true,
                                "computed": true
                            },
                            "output_path": {
                                "type": "string",
                                "description": "Path on local disk where the backup .tar.gz should be saved",
                                "description_kind": "plain",
                                "required": true
                            },
                            "password": {
                                "type": "string",
                                "description_kind": "plain",
                                "required": true,
                                "sensitive": true
                            }
                        },
                        "description_kind": "plain"
                    }
                },
                "portainer_backup_s3": {
                    "version": 0,
                    "block": {
                        "attributes": {
                            "access_key_id": {
                                "type": "string",
                                "description_kind": "plain",
                                "required": true,
                                "sensitive": true
                            },
                            "bucket_name": {
                                "type": "string",
                                "description_kind": "plain",
                                "required": true
                            },
                            "cron_rule": {
                                "type": "string",
                                "description_kind": "plain",
                                "optional": true
                            },
                            "id": {
                                "type": "string",
                                "description_kind": "plain",
                                "optional": true,
                                "computed": true
                            },
                            "password": {
                                "type": "string",
                                "description_kind": "plain",
                                "required": true,
                                "sensitive": true
                            },
                            "region": {
                                "type": "string",
                                "description_kind": "plain",
                                "required": true
                            },
                            "s3_compatible_host": {
                                "type": "string",
                                "description_kind": "plain",
                                "required": true
                            },
                            "secret_access_key": {
                                "type": "string",
                                "description_kind": "plain",
                                "required": true,
                                "sensitive": true
                            }
                        },
                        "description_kind": "plain"
                    }
                },
                "portainer_chat": {
                    "version": 0,
                    "block": {
                        "attributes": {
                            "context": {
                                "type": "string",
                                "description_kind": "plain",
                                "required": true
                            },
                            "environment_id": {
                                "type": "number",
                                "description_kind": "plain",
                                "required": true
                            },
                            "id": {
                                "type": "string",
                                "description_kind": "plain",
                                "optional": true,
                                "computed": true
                            },
                            "message": {
                                "type": "string",
                                "description_kind": "plain",
                                "required": true
                            },
                            "model": {
                                "type": "string",
                                "description_kind": "plain",
                                "optional": true
                            },
                            "response_message": {
                                "type": "string",
                                "description_kind": "plain",
                                "computed": true
                            },
                            "response_yaml": {
                                "type": "string",
                                "description_kind": "plain",
                                "computed": true
                            }
                        },
                        "description_kind": "plain"
                    }
                },
                "portainer_check": {
                    "version": 0,
                    "block": {
                        "attributes": {
                            "desired_state": {
                                "type": "string",
                                "description": "Desired container state (e.g. running).",
                                "description_kind": "plain",
                                "optional": true
                            },
                            "endpoint_id": {
                                "type": "number",
                                "description_kind": "plain",
                                "required": true
                            },
                            "id": {
                                "type": "string",
                                "description_kind": "plain",
                                "optional": true,
                                "computed": true
                            },
                            "max_retries": {
                                "type": "number",
                                "description": "Maximum retries for each service check.",
                                "description_kind": "plain",
                                "optional": true
                            },
                            "output": {
                                "type": "string",
                                "description_kind": "plain",
                                "computed": true
                            },
                            "revision": {
                                "type": "string",
                                "description": "Expected revision (image tag) of running containers/services.",
                                "description_kind": "plain",
                                "required": true
                            },
                            "services_list": {
                                "type": "string",
                                "description": "Comma-separated list of service names (without stack prefix).",
                                "description_kind": "plain",
                                "required": true
                            },
                            "stack_name": {
                                "type": "string",
                                "description_kind": "plain",
                                "required": true
                            },
                            "wait": {
                                "type": "number",
                                "description": "Initial wait before the first check (seconds).",
                                "description_kind": "plain",
                                "optional": true
                            },
                            "wait_between_checks": {
                                "type": "number",
                                "description": "Wait time between retry checks (seconds).",
                                "description_kind": "plain",
                                "optional": true
                            }
                        },
                        "description_kind": "plain"
                    }
                },
                "portainer_cloud_credentials": {
                    "version": 0,
                    "block": {
                        "attributes": {
                            "cloud_provider": {
                                "type": "string",
                                "description": "Cloud provider name (e.g., aws, gcp, digitalocean)",
                                "description_kind": "plain",
                                "required": true
                            },
                            "credentials": {
                                "type": [
                                    "map",
                                    "string"
                                ],
                                "description": "JSON-encoded credentials for the provider",
                                "description_kind": "plain",
                                "required": true
                            },
                            "id": {
                                "type": "string",
                                "description_kind": "plain",
                                "optional": true,
                                "computed": true
                            },
                            "name": {
                                "type": "string",
                                "description": "Human-readable name of the credentials",
                                "description_kind": "plain",
                                "required": true
                            }
                        },
                        "description_kind": "plain"
                    }
                },
                "portainer_cloud_provider_provision": {
                    "version": 0,
                    "block": {
                        "attributes": {
                            "cloud_provider": {
                                "type": "string",
                                "description": "Cloud provider (civo, digitalocean, linode, amazon, azure, gke)",
                                "description_kind": "plain",
                                "required": true
                            },
                            "id": {
                                "type": "string",
                                "description_kind": "plain",
                                "optional": true,
                                "computed": true
                            },
                            "payload": {
                                "type": [
                                    "map",
                                    "string"
                                ],
                                "description": "Raw payload with provisioning parameters.",
                                "description_kind": "plain",
                                "required": true
                            }
                        },
                        "description_kind": "plain"
                    }
                },
                "portainer_compose_convert": {
                    "version": 0,
                    "block": {
                        "attributes": {
                            "compose_content": {
                                "type": "string",
                                "description": "The content of the docker-compose.yml file.",
                                "description_kind": "plain",
                                "required": true
                            },
                            "id": {
                                "type": "string",
                                "description_kind": "plain",
                                "optional": true,
                                "computed": true
                            },
                            "manifests": {
                                "type": [
                                    "map",
                                    "string"
                                ],
                                "description": "Map of generated Kubernetes YAML manifests.",
                                "description_kind": "plain",
                                "computed": true
                            }
                        },
                        "description_kind": "plain"
                    }
                },
                "portainer_container_exec": {
                    "version": 0,
                    "block": {
                        "attributes": {
                            "command": {
                                "type": "string",
                                "description_kind": "plain",
                                "required": true
                            },
                            "endpoint_id": {
                                "type": "number",
                                "description_kind": "plain",
                                "required": true
                            },
                            "id": {
                                "type": "string",
                                "description_kind": "plain",
                                "optional": true,
                                "computed": true
                            },
                            "mode": {
                                "type": "string",
                                "description": "Deployment mode: 'standalone' (default) or 'swarm'",
                                "description_kind": "plain",
                                "optional": true
                            },
                            "output": {
                                "type": "string",
                                "description_kind": "plain",
                                "computed": true
                            },
                            "service_name": {
                                "type": "string",
                                "description_kind": "plain",
                                "required": true
                            },
                            "user": {
                                "type": "string",
                                "description_kind": "plain",
                                "optional": true
                            },
                            "wait": {
                                "type": "number",
                                "description_kind": "plain",
                                "optional": true
                            }
                        },
                        "description_kind": "plain"
                    }
                },
                "portainer_custom_template": {
                    "version": 0,
                    "block": {
                        "attributes": {
                            "compose_file_path": {
                                "type": "string",
                                "description_kind": "plain",
                                "optional": true
                            },
                            "description": {
                                "type": "string",
                                "description_kind": "plain",
                                "required": true
                            },
                            "edge_template": {
                                "type": "bool",
                                "description_kind": "plain",
                                "optional": true
                            },
                            "file_content": {
                                "type": "string",
                                "description_kind": "plain",
                                "optional": true
                            },
                            "file_path": {
                                "type": "string",
                                "description_kind": "plain",
                                "optional": true
                            },
                            "id": {
                                "type": "string",
                                "description_kind": "plain",
                                "optional": true,
                                "computed": true
                            },
                            "is_compose_format": {
                                "type": "bool",
                                "description_kind": "plain",
                                "optional": true
                            },
                            "logo": {
                                "type": "string",
                                "description_kind": "plain",
                                "optional": true
                            },
                            "note": {
                                "type": "string",
                                "description_kind": "plain",
                                "required": true
                            },
                            "platform": {
                                "type": "number",
                                "description_kind": "plain",
                                "required": true
                            },
                            "repository_authentication": {
                                "type": "bool",
                                "description": "Enable authentication for the Git repository (default: false).",
                                "description_kind": "plain",
                                "optional": true
                            },
                            "repository_password": {
                                "type": "string",
                                "description_kind": "plain",
                                "optional": true,
                                "sensitive": true
                            },
                            "repository_reference": {
                                "type": "string",
                                "description_kind": "plain",
                                "optional": true
                            },
                            "repository_url": {
                                "type": "string",
                                "description_kind": "plain",
                                "optional": true
                            },
                            "repository_username": {
                                "type": "string",
                                "description_kind": "plain",
                                "optional": true
                            },
                            "title": {
                                "type": "string",
                                "description_kind": "plain",
                                "required": true
                            },
                            "tlsskip_verify": {
                                "type": "bool",
                                "description_kind": "plain",
                                "optional": true
                            },
                            "type": {
                                "type": "number",
                                "description_kind": "plain",
                                "required": true
                            },
                            "variables": {
                                "type": [
                                    "list",
                                    [
                                        "map",
                                        "string"
                                    ]
                                ],
                                "description_kind": "plain",
                                "optional": true
                            }
                        },
                        "description_kind": "plain"
                    }
                },
                "portainer_deploy": {
                    "version": 0,
                    "block": {
                        "attributes": {
                            "endpoint_id": {
                                "type": "number",
                                "description_kind": "plain",
                                "required": true
                            },
                            "force_update": {
                                "type": "bool",
                                "description": "If true, call Portainer forceupdateservice endpoint for each updated service (after optional wait).",
                                "description_kind": "plain",
                                "optional": true
                            },
                            "id": {
                                "type": "string",
                                "description_kind": "plain",
                                "optional": true,
                                "computed": true
                            },
                            "output": {
                                "type": "string",
                                "description_kind": "plain",
                                "computed": true
                            },
                            "revision": {
                                "type": "string",
                                "description": "Target image tag/revision to set on services and optionally on stack ENV in stack_env_var.",
                                "description_kind": "plain",
                                "required": true
                            },
                            "services_list": {
                                "type": "string",
                                "description": "Comma-separated list of service names (without stack prefix).",
                                "description_kind": "plain",
                                "required": true
                            },
                            "stack_env_var": {
                                "type": "string",
                                "description": "Name of stack environment variable to update.",
                                "description_kind": "plain",
                                "required": true
                            },
                            "stack_name": {
                                "type": "string",
                                "description_kind": "plain",
                                "required": true
                            },
                            "update_revision": {
                                "type": "bool",
                                "description": "If true, also update stack ENV variable in stack_env_var to the provided revision.",
                                "description_kind": "plain",
                                "optional": true
                            },
                            "wait": {
                                "type": "number",
                                "description": "Seconds to wait before force-updating a service (only when force_update = true).",
                                "description_kind": "plain",
                                "optional": true
                            }
                        },
                        "description_kind": "plain"
                    }
                },
                "portainer_docker_config": {
                    "version": 0,
                    "block": {
                        "attributes": {
                            "data": {
                                "type": "string",
                                "description_kind": "plain",
                                "required": true,
                                "sensitive": true
                            },
                            "endpoint_id": {
                                "type": "number",
                                "description_kind": "plain",
                                "required": true
                            },
                            "id": {
                                "type": "string",
                                "description_kind": "plain",
                                "optional": true,
                                "computed": true
                            },
                            "labels": {
                                "type": [
                                    "map",
                                    "string"
                                ],
                                "description_kind": "plain",
                                "optional": true
                            },
                            "name": {
                                "type": "string",
                                "description_kind": "plain",
                                "required": true
                            },
                            "resource_control_id": {
                                "type": "number",
                                "description_kind": "plain",
                                "computed": true
                            },
                            "templating": {
                                "type": [
                                    "map",
                                    "string"
                                ],
                                "description_kind": "plain",
                                "optional": true
                            }
                        },
                        "description_kind": "plain"
                    }
                },
                "portainer_docker_image": {
                    "version": 0,
                    "block": {
                        "attributes": {
                            "endpoint_id": {
                                "type": "number",
                                "description_kind": "plain",
                                "required": true
                            },
                            "id": {
                                "type": "string",
                                "description_kind": "plain",
                                "optional": true,
                                "computed": true
                            },
                            "image": {
                                "type": "string",
                                "description_kind": "plain",
                                "required": true
                            },
                            "registry_auth": {
                                "type": "string",
                                "description_kind": "plain",
                                "optional": true,
                                "sensitive": true
                            }
                        },
                        "description_kind": "plain"
                    }
                },
                "portainer_docker_network": {
                    "version": 0,
                    "block": {
                        "attributes": {
                            "attachable": {
                                "type": "bool",
                                "description_kind": "plain",
                                "optional": true
                            },
                            "config_from": {
                                "type": "string",
                                "description_kind": "plain",
                                "optional": true
                            },
                            "config_only": {
                                "type": "bool",
                                "description_kind": "plain",
                                "optional": true
                            },
                            "driver": {
                                "type": "string",
                                "description_kind": "plain",
                                "optional": true
                            },
                            "enable_ipv4": {
                                "type": "bool",
                                "description_kind": "plain",
                                "optional": true
                            },
                            "enable_ipv6": {
                                "type": "bool",
                                "description_kind": "plain",
                                "optional": true
                            },
                            "endpoint_id": {
                                "type": "number",
                                "description_kind": "plain",
                                "required": true
                            },
                            "id": {
                                "type": "string",
                                "description_kind": "plain",
                                "optional": true,
                                "computed": true
                            },
                            "ingress": {
                                "type": "bool",
                                "description_kind": "plain",
                                "optional": true
                            },
                            "internal": {
                                "type": "bool",
                                "description_kind": "plain",
                                "optional": true
                            },
                            "ipam_driver": {
                                "type": "string",
                                "description_kind": "plain",
                                "optional": true
                            },
                            "ipam_options": {
                                "type": [
                                    "map",
                                    "string"
                                ],
                                "description_kind": "plain",
                                "optional": true
                            },
                            "labels": {
                                "type": [
                                    "map",
                                    "string"
                                ],
                                "description_kind": "plain",
                                "optional": true
                            },
                            "name": {
                                "type": "string",
                                "description_kind": "plain",
                                "required": true
                            },
                            "options": {
                                "type": [
                                    "map",
                                    "string"
                                ],
                                "description_kind": "plain",
                                "optional": true
                            },
                            "resource_control_id": {
                                "type": "number",
                                "description_kind": "plain",
                                "computed": true
                            },
                            "scope": {
                                "type": "string",
                                "description_kind": "plain",
                                "optional": true
                            },
                            "swarm_node_id": {
                                "type": "string",
                                "description_kind": "plain",
                                "optional": true
                            }
                        },
                        "block_types": {
                            "ipam_config": {
                                "nesting_mode": "list",
                                "block": {
                                    "attributes": {
                                        "auxiliary_addresses": {
                                            "type": [
                                                "map",
                                                "string"
                                            ],
                                            "description_kind": "plain",
                                            "optional": true
                                        },
                                        "gateway": {
                                            "type": "string",
                                            "description_kind": "plain",
                                            "optional": true
                                        },
                                        "ip_range": {
                                            "type": "string",
                                            "description_kind": "plain",
                                            "optional": true
                                        },
                                        "subnet": {
                                            "type": "string",
                                            "description_kind": "plain",
                                            "required": true
                                        }
                                    },
                                    "description_kind": "plain"
                                }
                            }
                        },
                        "description_kind": "plain"
                    }
                },
                "portainer_docker_node": {
                    "version": 0,
                    "block": {
                        "attributes": {
                            "availability": {
                                "type": "string",
                                "description_kind": "plain",
                                "optional": true
                            },
                            "endpoint_id": {
                                "type": "number",
                                "description_kind": "plain",
                                "required": true
                            },
                            "id": {
                                "type": "string",
                                "description_kind": "plain",
                                "optional": true,
                                "computed": true
                            },
                            "labels": {
                                "type": [
                                    "map",
                                    "string"
                                ],
                                "description_kind": "plain",
                                "optional": true
                            },
                            "name": {
                                "type": "string",
                                "description_kind": "plain",
                                "optional": true
                            },
                            "node_id": {
                                "type": "string",
                                "description_kind": "plain",
                                "required": true
                            },
                            "role": {
                                "type": "string",
                                "description_kind": "plain",
                                "optional": true
                            },
                            "version": {
                                "type": "number",
                                "description": "Swarm node version required for update operation",
                                "description_kind": "plain",
                                "required": true
                            }
                        },
                        "description_kind": "plain"
                    }
                },
                "portainer_docker_plugin": {
                    "version": 0,
                    "block": {
                        "attributes": {
                            "enable": {
                                "type": "bool",
                                "description_kind": "plain",
                                "optional": true
                            },
                            "endpoint_id": {
                                "type": "number",
                                "description_kind": "plain",
                                "required": true
                            },
                            "id": {
                                "type": "string",
                                "description_kind": "plain",
                                "optional": true,
                                "computed": true
                            },
                            "name": {
                                "type": "string",
                                "description_kind": "plain",
                                "optional": true
                            },
                            "registry_auth": {
                                "type": "string",
                                "description_kind": "plain",
                                "optional": true
                            },
                            "remote": {
                                "type": "string",
                                "description_kind": "plain",
                                "required": true
                            }
                        },
                        "block_types": {
                            "settings": {
                                "nesting_mode": "list",
                                "block": {
                                    "attributes": {
                                        "description": {
                                            "type": "string",
                                            "description_kind": "plain",
                                            "optional": true
                                        },
                                        "name": {
                                            "type": "string",
                                            "description_kind": "plain",
                                            "required": true
                                        },
                                        "value": {
                                            "type": [
                                                "list",
                                                "string"
                                            ],
                                            "description_kind": "plain",
                                            "required": true
                                        }
                                    },
                                    "description_kind": "plain"
                                }
                            }
                        },
                        "description_kind": "plain"
                    }
                },
                "portainer_docker_secret": {
                    "version": 0,
                    "block": {
                        "attributes": {
                            "data": {
                                "type": "string",
                                "description": "Base64-encoded secret data (stored in Terraform state).",
                                "description_kind": "plain",
                                "optional": true,
                                "sensitive": true
                            },
                            "data_wo": {
                                "type": "string",
                                "description": "Write-only secret data (supports ephemeral values; not stored in Terraform state).",
                                "description_kind": "plain",
                                "optional": true,
                                "sensitive": true,
                                "write_only": true
                            },
                            "data_wo_version": {
                                "type": "number",
                                "description": "Version flag for write-only data; must be set when using `data_wo` to trigger updates.",
                                "description_kind": "plain",
                                "optional": true
                            },
                            "driver": {
                                "type": [
                                    "map",
                                    "string"
                                ],
                                "description_kind": "plain",
                                "optional": true
                            },
                            "endpoint_id": {
                                "type": "number",
                                "description_kind": "plain",
                                "required": true
                            },
                            "id": {
                                "type": "string",
                                "description_kind": "plain",
                                "optional": true,
                                "computed": true
                            },
                            "labels": {
                                "type": [
                                    "map",
                                    "string"
                                ],
                                "description_kind": "plain",
                                "optional": true
                            },
                            "name": {
                                "type": "string",
                                "description_kind": "plain",
                                "required": true
                            },
                            "resource_control_id": {
                                "type": "number",
                                "description_kind": "plain",
                                "computed": true
                            },
                            "templating": {
                                "type": [
                                    "map",
                                    "string"
                                ],
                                "description_kind": "plain",
                                "optional": true
                            }
                        },
                        "description_kind": "plain"
                    }
                },
                "portainer_docker_volume": {
                    "version": 0,
                    "block": {
                        "attributes": {
                            "driver": {
                                "type": "string",
                                "description_kind": "plain",
                                "optional": true
                            },
                            "driver_opts": {
                                "type": [
                                    "map",
                                    "string"
                                ],
                                "description_kind": "plain",
                                "optional": true
                            },
                            "endpoint_id": {
                                "type": "number",
                                "description_kind": "plain",
                                "required": true
                            },
                            "id": {
                                "type": "string",
                                "description_kind": "plain",
                                "optional": true,
                                "computed": true
                            },
                            "labels": {
                                "type": [
                                    "map",
                                    "string"
                                ],
                                "description_kind": "plain",
                                "optional": true
                            },
                            "name": {
                                "type": "string",
                                "description_kind": "plain",
                                "required": true
                            },
                            "resource_control_id": {
                                "type": "number",
                                "description_kind": "plain",
                                "computed": true
                            }
                        },
                        "block_types": {
                            "cluster_volume_spec": {
                                "nesting_mode": "list",
                                "block": {
                                    "attributes": {
                                        "availability": {
                                            "type": "string",
                                            "description_kind": "plain",
                                            "optional": true
                                        },
                                        "group": {
                                            "type": "string",
                                            "description_kind": "plain",
                                            "optional": true
                                        }
                                    },
                                    "block_types": {
                                        "access_mode": {
                                            "nesting_mode": "list",
                                            "block": {
                                                "attributes": {
                                                    "mount_volume": {
                                                        "type": [
                                                            "map",
                                                            "string"
                                                        ],
                                                        "description_kind": "plain",
                                                        "optional": true
                                                    },
                                                    "scope": {
                                                        "type": "string",
                                                        "description_kind": "plain",
                                                        "optional": true
                                                    },
                                                    "sharing": {
                                                        "type": "string",
                                                        "description_kind": "plain",
                                                        "optional": true
                                                    }
                                                },
                                                "description_kind": "plain"
                                            },
                                            "max_items": 1
                                        },
                                        "accessibility_requirements": {
                                            "nesting_mode": "list",
                                            "block": {
                                                "block_types": {
                                                    "preferred": {
                                                        "nesting_mode": "list",
                                                        "block": {
                                                            "attributes": {
                                                                "property1": {
                                                                    "type": "string",
                                                                    "description_kind": "plain",
                                                                    "optional": true
                                                                },
                                                                "property2": {
                                                                    "type": "string",
                                                                    "description_kind": "plain",
                                                                    "optional": true
                                                                }
                                                            },
                                                            "description_kind": "plain"
                                                        }
                                                    },
                                                    "requisite": {
                                                        "nesting_mode": "list",
                                                        "block": {
                                                            "attributes": {
                                                                "property1": {
                                                                    "type": "string",
                                                                    "description_kind": "plain",
                                                                    "optional": true
                                                                },
                                                                "property2": {
                                                                    "type": "string",
                                                                    "description_kind": "plain",
                                                                    "optional": true
                                                                }
                                                            },
                                                            "description_kind": "plain"
                                                        }
                                                    }
                                                },
                                                "description_kind": "plain"
                                            },
                                            "max_items": 1
                                        },
                                        "capacity_range": {
                                            "nesting_mode": "list",
                                            "block": {
                                                "attributes": {
                                                    "limit_bytes": {
                                                        "type": "number",
                                                        "description_kind": "plain",
                                                        "optional": true
                                                    },
                                                    "required_bytes": {
                                                        "type": "number",
                                                        "description_kind": "plain",
                                                        "optional": true
                                                    }
                                                },
                                                "description_kind": "plain"
                                            },
                                            "max_items": 1
                                        },
                                        "secrets": {
                                            "nesting_mode": "list",
                                            "block": {
                                                "attributes": {
                                                    "key": {
                                                        "type": "string",
                                                        "description_kind": "plain",
                                                        "required": true
                                                    },
                                                    "secret": {
                                                        "type": "string",
                                                        "description_kind": "plain",
                                                        "required": true
                                                    }
                                                },
                                                "description_kind": "plain"
                                            }
                                        }
                                    },
                                    "description_kind": "plain"
                                }
                            }
                        },
                        "description_kind": "plain"
                    }
                },
                "portainer_edge_configurations": {
                    "version": 0,
                    "block": {
                        "attributes": {
                            "base_dir": {
                                "type": "string",
                                "description_kind": "plain",
                                "optional": true
                            },
                            "category": {
                                "type": "string",
                                "description_kind": "plain",
                                "optional": true
                            },
                            "edge_group_ids": {
                                "type": [
                                    "list",
                                    "number"
                                ],
                                "description_kind": "plain",
                                "required": true
                            },
                            "file_path": {
                                "type": "string",
                                "description_kind": "plain",
                                "required": true
                            },
                            "id": {
                                "type": "string",
                                "description_kind": "plain",
                                "optional": true,
                                "computed": true
                            },
                            "name": {
                                "type": "string",
                                "description_kind": "plain",
                                "required": true
                            },
                            "type": {
                                "type": "string",
                                "description_kind": "plain",
                                "required": true
                            }
                        },
                        "description_kind": "plain"
                    }
                },
                "portainer_edge_group": {
                    "version": 0,
                    "block": {
                        "attributes": {
                            "dynamic": {
                                "type": "bool",
                                "description_kind": "plain",
                                "required": true
                            },
                            "endpoints": {
                                "type": [
                                    "list",
                                    "number"
                                ],
                                "description_kind": "plain",
                                "optional": true
                            },
                            "id": {
                                "type": "string",
                                "description_kind": "plain",
                                "optional": true,
                                "computed": true
                            },
                            "name": {
                                "type": "string",
                                "description_kind": "plain",
                                "required": true
                            },
                            "partial_match": {
                                "type": "bool",
                                "description_kind": "plain",
                                "optional": true
                            },
                            "tag_ids": {
                                "type": [
                                    "list",
                                    "number"
                                ],
                                "description_kind": "plain",
                                "optional": true
                            }
                        },
                        "description_kind": "plain"
                    }
                },
                "portainer_edge_job": {
                    "version": 0,
                    "block": {
                        "attributes": {
                            "cron_expression": {
                                "type": "string",
                                "description_kind": "plain",
                                "required": true
                            },
                            "edge_groups": {
                                "type": [
                                    "list",
                                    "number"
                                ],
                                "description_kind": "plain",
                                "required": true
                            },
                            "endpoints": {
                                "type": [
                                    "list",
                                    "number"
                                ],
                                "description_kind": "plain",
                                "required": true
                            },
                            "file_content": {
                                "type": "string",
                                "description_kind": "plain",
                                "optional": true
                            },
                            "file_path": {
                                "type": "string",
                                "description_kind": "plain",
                                "optional": true
                            },
                            "id": {
                                "type": "string",
                                "description_kind": "plain",
                                "optional": true,
                                "computed": true
                            },
                            "name": {
                                "type": "string",
                                "description_kind": "plain",
                                "required": true
                            },
                            "recurring": {
                                "type": "bool",
                                "description_kind": "plain",
                                "optional": true
                            }
                        },
                        "description_kind": "plain"
                    }
                },
                "portainer_edge_stack": {
                    "version": 0,
                    "block": {
                        "attributes": {
                            "deployment_type": {
                                "type": "number",
                                "description": "0 = Docker Compose, 1 = Kubernetes",
                                "description_kind": "plain",
                                "required": true
                            },
                            "dryrun": {
                                "type": "bool",
                                "description_kind": "plain",
                                "optional": true
                            },
                            "edge_groups": {
                                "type": [
                                    "list",
                                    "number"
                                ],
                                "description_kind": "plain",
                                "required": true
                            },
                            "environment": {
                                "type": [
                                    "map",
                                    "string"
                                ],
                                "description": "Environment variables for the Edge Stack",
                                "description_kind": "plain",
                                "optional": true
                            },
                            "file_path_in_repository": {
                                "type": "string",
                                "description_kind": "plain",
                                "optional": true
                            },
                            "force_update": {
                                "type": "bool",
                                "description": "Whether to prune unused services/networks during stack update (default: true)",
                                "description_kind": "plain",
                                "optional": true
                            },
                            "git_repository_authentication": {
                                "type": "bool",
                                "description_kind": "plain",
                                "optional": true
                            },
                            "id": {
                                "type": "string",
                                "description_kind": "plain",
                                "optional": true,
                                "computed": true
                            },
                            "name": {
                                "type": "string",
                                "description_kind": "plain",
                                "required": true
                            },
                            "pre_pull_image": {
                                "type": "bool",
                                "description_kind": "plain",
                                "optional": true
                            },
                            "pull_image": {
                                "type": "bool",
                                "description": "Whether to force pull latest images during stack update (default: true)",
                                "description_kind": "plain",
                                "optional": true
                            },
                            "registries": {
                                "type": [
                                    "list",
                                    "number"
                                ],
                                "description_kind": "plain",
                                "optional": true
                            },
                            "relative_path": {
                                "type": "string",
                                "description": "Enable relative path volumes \u2013 also used as value for 'filesystemPath'.",
                                "description_kind": "plain",
                                "optional": true
                            },
                            "repository_password": {
                                "type": "string",
                                "description_kind": "plain",
                                "optional": true,
                                "sensitive": true
                            },
                            "repository_reference_name": {
                                "type": "string",
                                "description_kind": "plain",
                                "optional": true
                            },
                            "repository_url": {
                                "type": "string",
                                "description_kind": "plain",
                                "optional": true
                            },
                            "repository_username": {
                                "type": "string",
                                "description_kind": "plain",
                                "optional": true
                            },
                            "retry_deploy": {
                                "type": "bool",
                                "description_kind": "plain",
                                "optional": true
                            },
                            "stack_file_content": {
                                "type": "string",
                                "description_kind": "plain",
                                "optional": true
                            },
                            "stack_file_path": {
                                "type": "string",
                                "description_kind": "plain",
                                "optional": true
                            },
                            "stack_webhook": {
                                "type": "bool",
                                "description": "Enable autoUpdate webhook (GitOps).",
                                "description_kind": "plain",
                                "optional": true
                            },
                            "update_interval": {
                                "type": "string",
                                "description_kind": "plain",
                                "optional": true
                            },
                            "use_manifest_namespaces": {
                                "type": "bool",
                                "description_kind": "plain",
                                "optional": true
                            },
                            "webhook_id": {
                                "type": "string",
                                "description": "UUID of the GitOps webhook (read-only).",
                                "description_kind": "plain",
                                "computed": true
                            },
                            "webhook_url": {
                                "type": "string",
                                "description": "Full URL of the webhook trigger",
                                "description_kind": "plain",
                                "computed": true
                            }
                        },
                        "description_kind": "plain"
                    }
                },
                "portainer_edge_stack_webhook": {
                    "version": 0,
                    "block": {
                        "attributes": {
                            "id": {
                                "type": "string",
                                "description_kind": "plain",
                                "optional": true,
                                "computed": true
                            },
                            "webhook_id": {
                                "type": "string",
                                "description": "UUID of the webhook to trigger",
                                "description_kind": "plain",
                                "required": true
                            }
                        },
                        "description_kind": "plain"
                    }
                },
                "portainer_edge_update_schedules": {
                    "version": 0,
                    "block": {
                        "attributes": {
                            "agent_image": {
                                "type": "string",
                                "description_kind": "plain",
                                "required": true
                            },
                            "group_ids": {
                                "type": [
                                    "list",
                                    "number"
                                ],
                                "description_kind": "plain",
                                "required": true
                            },
                            "id": {
                                "type": "string",
                                "description_kind": "plain",
                                "optional": true,
                                "computed": true
                            },
                            "name": {
                                "type": "string",
                                "description_kind": "plain",
                                "required": true
                            },
                            "registry_id": {
                                "type": "number",
                                "description_kind": "plain",
                                "required": true
                            },
                            "scheduled_time": {
                                "type": "string",
                                "description": "Time in RFC3339 format",
                                "description_kind": "plain",
                                "required": true
                            },
                            "type": {
                                "type": "number",
                                "description": "0 = update, 1 = rollback",
                                "description_kind": "plain",
                                "required": true
                            },
                            "updater_image": {
                                "type": "string",
                                "description_kind": "plain",
                                "required": true
                            }
                        },
                        "description_kind": "plain"
                    }
                },
                "portainer_endpoint_association": {
                    "version": 0,
                    "block": {
                        "attributes": {
                            "endpoint_id": {
                                "type": "number",
                                "description_kind": "plain",
                                "required": true
                            },
                            "id": {
                                "type": "string",
                                "description_kind": "plain",
                                "optional": true,
                                "computed": true
                            }
                        },
                        "description_kind": "plain"
                    }
                },
                "portainer_endpoint_group": {
                    "version": 0,
                    "block": {
                        "attributes": {
                            "description": {
                                "type": "string",
                                "description_kind": "plain",
                                "optional": true
                            },
                            "id": {
                                "type": "string",
                                "description_kind": "plain",
                                "optional": true,
                                "computed": true
                            },
                            "name": {
                                "type": "string",
                                "description_kind": "plain",
                                "required": true
                            },
                            "tag_ids": {
                                "type": [
                                    "list",
                                    "number"
                                ],
                                "description_kind": "plain",
                                "optional": true
                            }
                        },
                        "description_kind": "plain"
                    }
                },
                "portainer_endpoint_service_update": {
                    "version": 0,
                    "block": {
                        "attributes": {
                            "endpoint_id": {
                                "type": "number",
                                "description_kind": "plain",
                                "required": true
                            },
                            "id": {
                                "type": "string",
                                "description_kind": "plain",
                                "optional": true,
                                "computed": true
                            },
                            "pull_image": {
                                "type": "bool",
                                "description_kind": "plain",
                                "optional": true
                            },
                            "service_name": {
                                "type": "string",
                                "description_kind": "plain",
                                "required": true
                            }
                        },
                        "description_kind": "plain"
                    }
                },
                "portainer_endpoint_settings": {
                    "version": 0,
                    "block": {
                        "attributes": {
                            "enable_gpu_management": {
                                "type": "bool",
                                "description_kind": "plain",
                                "optional": true
                            },
                            "enable_image_notification": {
                                "type": "bool",
                                "description_kind": "plain",
                                "optional": true
                            },
                            "endpoint_id": {
                                "type": "number",
                                "description_kind": "plain",
                                "required": true
                            },
                            "id": {
                                "type": "string",
                                "description_kind": "plain",
                                "optional": true,
                                "computed": true
                            }
                        },
                        "block_types": {
                            "change_window": {
                                "nesting_mode": "list",
                                "block": {
                                    "attributes": {
                                        "enabled": {
                                            "type": "bool",
                                            "description_kind": "plain",
                                            "optional": true
                                        },
                                        "end_time": {
                                            "type": "string",
                                            "description_kind": "plain",
                                            "optional": true
                                        },
                                        "start_time": {
                                            "type": "string",
                                            "description_kind": "plain",
                                            "optional": true
                                        }
                                    },
                                    "description_kind": "plain"
                                },
                                "max_items": 1
                            },
                            "deployment_options": {
                                "nesting_mode": "list",
                                "block": {
                                    "attributes": {
                                        "hide_add_with_form": {
                                            "type": "bool",
                                            "description_kind": "plain",
                                            "optional": true
                                        },
                                        "hide_file_upload": {
                                            "type": "bool",
                                            "description_kind": "plain",
                                            "optional": true
                                        },
                                        "hide_web_editor": {
                                            "type": "bool",
                                            "description_kind": "plain",
                                            "optional": true
                                        },
                                        "override_global_options": {
                                            "type": "bool",
                                            "description_kind": "plain",
                                            "optional": true
                                        }
                                    },
                                    "description_kind": "plain"
                                },
                                "max_items": 1
                            },
                            "gpus": {
                                "nesting_mode": "list",
                                "block": {
                                    "attributes": {
                                        "name": {
                                            "type": "string",
                                            "description_kind": "plain",
                                            "required": true
                                        },
                                        "value": {
                                            "type": "string",
                                            "description_kind": "plain",
                                            "required": true
                                        }
                                    },
                                    "description_kind": "plain"
                                }
                            },
                            "security_settings": {
                                "nesting_mode": "list",
                                "block": {
                                    "attributes": {
                                        "allow_bind_mounts": {
                                            "type": "bool",
                                            "description_kind": "plain",
                                            "optional": true
                                        },
                                        "allow_container_capabilities": {
                                            "type": "bool",
                                            "description_kind": "plain",
                                            "optional": true
                                        },
                                        "allow_device_mapping": {
                                            "type": "bool",
                                            "description_kind": "plain",
                                            "optional": true
                                        },
                                        "allow_host_namespace": {
                                            "type": "bool",
                                            "description_kind": "plain",
                                            "optional": true
                                        },
                                        "allow_privileged_mode": {
                                            "type": "bool",
                                            "description_kind": "plain",
                                            "optional": true
                                        },
                                        "allow_stack_management": {
                                            "type": "bool",
                                            "description_kind": "plain",
                                            "optional": true
                                        },
                                        "allow_sysctl_setting": {
                                            "type": "bool",
                                            "description_kind": "plain",
                                            "optional": true
                                        },
                                        "allow_volume_browser": {
                                            "type": "bool",
                                            "description_kind": "plain",
                                            "optional": true
                                        },
                                        "enable_host_management": {
                                            "type": "bool",
                                            "description_kind": "plain",
                                            "optional": true
                                        }
                                    },
                                    "description_kind": "plain"
                                },
                                "max_items": 1
                            }
                        },
                        "description_kind": "plain"
                    }
                },
                "portainer_endpoint_snapshot": {
                    "version": 0,
                    "block": {
                        "attributes": {
                            "endpoint_id": {
                                "type": "number",
                                "description": "ID of the endpoint to snapshot. If omitted, all endpoints will be snapshotted.",
                                "description_kind": "plain",
                                "optional": true
                            },
                            "id": {
                                "type": "string",
                                "description_kind": "plain",
                                "optional": true,
                                "computed": true
                            }
                        },
                        "description_kind": "plain"
                    }
                },
                "portainer_endpoints_edge_generate_key": {
                    "version": 0,
                    "block": {
                        "attributes": {
                            "edge_key": {
                                "type": "string",
                                "description": "The generated general edge key.",
                                "description_kind": "plain",
                                "computed": true
                            },
                            "id": {
                                "type": "string",
                                "description_kind": "plain",
                                "optional": true,
                                "computed": true
                            }
                        },
                        "description_kind": "plain"
                    }
                },
                "portainer_environment": {
                    "version": 0,
                    "block": {
                        "attributes": {
                            "edge_id": {
                                "type": "string",
                                "description_kind": "plain",
                                "computed": true
                            },
                            "edge_key": {
                                "type": "string",
                                "description_kind": "plain",
                                "computed": true
                            },
                            "environment_address": {
                                "type": "string",
                                "description_kind": "plain",
                                "required": true
                            },
                            "group_id": {
                                "type": "number",
                                "description": "ID of the Portainer endpoint group. Default is 1 (Unassigned).",
                                "description_kind": "plain",
                                "optional": true
                            },
                            "id": {
                                "type": "string",
                                "description_kind": "plain",
                                "optional": true,
                                "computed": true
                            },
                            "name": {
                                "type": "string",
                                "description_kind": "plain",
                                "required": true
                            },
                            "public_ip": {
                                "type": "string",
                                "description": "Public IP/URL used by Portainer for Published Ports (maps to PublicURL).",
                                "description_kind": "plain",
                                "optional": true
                            },
                            "tag_ids": {
                                "type": [
                                    "list",
                                    "number"
                                ],
                                "description": "List of tag IDs to assign to the environment.",
                                "description_kind": "plain",
                                "optional": true
                            },
                            "team_access_policies": {
                                "type": [
                                    "map",
                                    "number"
                                ],
                                "description": "Map of team IDs to role IDs (e.g. teamID -> roleID)",
                                "description_kind": "plain",
                                "optional": true
                            },
                            "tls_ca_cert": {
                                "type": "string",
                                "description_kind": "plain",
                                "optional": true,
                                "sensitive": true
                            },
                            "tls_cert": {
                                "type": "string",
                                "description_kind": "plain",
                                "optional": true,
                                "sensitive": true
                            },
                            "tls_enabled": {
                                "type": "bool",
                                "description_kind": "plain",
                                "optional": true
                            },
                            "tls_key": {
                                "type": "string",
                                "description_kind": "plain",
                                "optional": true,
                                "sensitive": true
                            },
                            "tls_skip_client_verify": {
                                "type": "bool",
                                "description_kind": "plain",
                                "optional": true
                            },
                            "tls_skip_verify": {
                                "type": "bool",
                                "description_kind": "plain",
                                "optional": true
                            },
                            "type": {
                                "type": "number",
                                "description": "Environment type: 1 = Docker, 2 = Agent, 3 = Azure, 4 = Edge Agent, 5 = Kubernetes, 6 = Kubernetes via agent",
                                "description_kind": "plain",
                                "required": true
                            },
                            "user_access_policies": {
                                "type": [
                                    "map",
                                    "number"
                                ],
                                "description": "Map of user IDs to role IDs (e.g. userID -> roleID)",
                                "description_kind": "plain",
                                "optional": true
                            }
                        },
                        "description_kind": "plain"
                    }
                },
                "portainer_kubernetes_application": {
                    "version": 0,
                    "block": {
                        "attributes": {
                            "endpoint_id": {
                                "type": "number",
                                "description_kind": "plain",
                                "required": true
                            },
                            "id": {
                                "type": "string",
                                "description_kind": "plain",
                                "optional": true,
                                "computed": true
                            },
                            "manifest": {
                                "type": "string",
                                "description_kind": "plain",
                                "required": true
                            },
                            "namespace": {
                                "type": "string",
                                "description_kind": "plain",
                                "required": true
                            }
                        },
                        "description_kind": "plain"
                    }
                },
                "portainer_kubernetes_clusterrole": {
                    "version": 0,
                    "block": {
                        "attributes": {
                            "endpoint_id": {
                                "type": "number",
                                "description_kind": "plain",
                                "required": true
                            },
                            "id": {
                                "type": "string",
                                "description_kind": "plain",
                                "optional": true,
                                "computed": true
                            },
                            "manifest": {
                                "type": "string",
                                "description_kind": "plain",
                                "required": true
                            }
                        },
                        "description_kind": "plain"
                    }
                },
                "portainer_kubernetes_clusterrolebinding": {
                    "version": 0,
                    "block": {
                        "attributes": {
                            "endpoint_id": {
                                "type": "number",
                                "description_kind": "plain",
                                "required": true
                            },
                            "id": {
                                "type": "string",
                                "description_kind": "plain",
                                "optional": true,
                                "computed": true
                            },
                            "manifest": {
                                "type": "string",
                                "description_kind": "plain",
                                "required": true
                            }
                        },
                        "description_kind": "plain"
                    }
                },
                "portainer_kubernetes_configmaps": {
                    "version": 0,
                    "block": {
                        "attributes": {
                            "endpoint_id": {
                                "type": "number",
                                "description_kind": "plain",
                                "required": true
                            },
                            "id": {
                                "type": "string",
                                "description_kind": "plain",
                                "optional": true,
                                "computed": true
                            },
                            "manifest": {
                                "type": "string",
                                "description_kind": "plain",
                                "required": true
                            },
                            "namespace": {
                                "type": "string",
                                "description_kind": "plain",
                                "required": true
                            }
                        },
                        "description_kind": "plain"
                    }
                },
                "portainer_kubernetes_cronjob": {
                    "version": 0,
                    "block": {
                        "attributes": {
                            "endpoint_id": {
                                "type": "number",
                                "description_kind": "plain",
                                "required": true
                            },
                            "id": {
                                "type": "string",
                                "description_kind": "plain",
                                "optional": true,
                                "computed": true
                            },
                            "manifest": {
                                "type": "string",
                                "description_kind": "plain",
                                "required": true
                            },
                            "namespace": {
                                "type": "string",
                                "description_kind": "plain",
                                "required": true
                            }
                        },
                        "description_kind": "plain"
                    }
                },
                "portainer_kubernetes_delete_object": {
                    "version": 0,
                    "block": {
                        "attributes": {
                            "environment_id": {
                                "type": "number",
                                "description_kind": "plain",
                                "required": true
                            },
                            "id": {
                                "type": "string",
                                "description_kind": "plain",
                                "optional": true,
                                "computed": true
                            },
                            "names": {
                                "type": [
                                    "list",
                                    "string"
                                ],
                                "description_kind": "plain",
                                "required": true
                            },
                            "namespace": {
                                "type": "string",
                                "description_kind": "plain",
                                "required": true
                            },
                            "resource_type": {
                                "type": "string",
                                "description_kind": "plain",
                                "required": true
                            }
                        },
                        "description_kind": "plain"
                    }
                },
                "portainer_kubernetes_helm": {
                    "version": 0,
                    "block": {
                        "attributes": {
                            "chart": {
                                "type": "string",
                                "description_kind": "plain",
                                "required": true
                            },
                            "environment_id": {
                                "type": "number",
                                "description_kind": "plain",
                                "required": true
                            },
                            "id": {
                                "type": "string",
                                "description_kind": "plain",
                                "optional": true,
                                "computed": true
                            },
                            "name": {
                                "type": "string",
                                "description_kind": "plain",
                                "required": true
                            },
                            "namespace": {
                                "type": "string",
                                "description_kind": "plain",
                                "required": true
                            },
                            "repo": {
                                "type": "string",
                                "description_kind": "plain",
                                "required": true
                            },
                            "values": {
                                "type": "string",
                                "description_kind": "plain",
                                "optional": true
                            }
                        },
                        "description_kind": "plain"
                    }
                },
                "portainer_kubernetes_ingresscontrollers": {
                    "version": 0,
                    "block": {
                        "attributes": {
                            "environment_id": {
                                "type": "number",
                                "description_kind": "plain",
                                "required": true
                            },
                            "id": {
                                "type": "string",
                                "description_kind": "plain",
                                "optional": true,
                                "computed": true
                            }
                        },
                        "block_types": {
                            "controllers": {
                                "nesting_mode": "list",
                                "block": {
                                    "attributes": {
                                        "availability": {
                                            "type": "bool",
                                            "description_kind": "plain",
                                            "required": true
                                        },
                                        "class_name": {
                                            "type": "string",
                                            "description_kind": "plain",
                                            "required": true
                                        },
                                        "name": {
                                            "type": "string",
                                            "description_kind": "plain",
                                            "required": true
                                        },
                                        "new": {
                                            "type": "bool",
                                            "description_kind": "plain",
                                            "required": true
                                        },
                                        "type": {
                                            "type": "string",
                                            "description_kind": "plain",
                                            "required": true
                                        },
                                        "used": {
                                            "type": "bool",
                                            "description_kind": "plain",
                                            "required": true
                                        }
                                    },
                                    "description_kind": "plain"
                                },
                                "min_items": 1
                            }
                        },
                        "description_kind": "plain"
                    }
                },
                "portainer_kubernetes_ingresses": {
                    "version": 0,
                    "block": {
                        "attributes": {
                            "annotations": {
                                "type": [
                                    "map",
                                    "string"
                                ],
                                "description_kind": "plain",
                                "optional": true
                            },
                            "class_name": {
                                "type": "string",
                                "description_kind": "plain",
                                "optional": true
                            },
                            "environment_id": {
                                "type": "number",
                                "description_kind": "plain",
                                "required": true
                            },
                            "hosts": {
                                "type": [
                                    "list",
                                    "string"
                                ],
                                "description_kind": "plain",
                                "optional": true
                            },
                            "id": {
                                "type": "string",
                                "description_kind": "plain",
                                "optional": true,
                                "computed": true
                            },
                            "labels": {
                                "type": [
                                    "map",
                                    "string"
                                ],
                                "description_kind": "plain",
                                "optional": true
                            },
                            "name": {
                                "type": "string",
                                "description_kind": "plain",
                                "required": true
                            },
                            "namespace": {
                                "type": "string",
                                "description_kind": "plain",
                                "required": true
                            }
                        },
                        "block_types": {
                            "paths": {
                                "nesting_mode": "list",
                                "block": {
                                    "attributes": {
                                        "host": {
                                            "type": "string",
                                            "description_kind": "plain",
                                            "required": true
                                        },
                                        "path": {
                                            "type": "string",
                                            "description_kind": "plain",
                                            "required": true
                                        },
                                        "path_type": {
                                            "type": "string",
                                            "description_kind": "plain",
                                            "required": true
                                        },
                                        "port": {
                                            "type": "number",
                                            "description_kind": "plain",
                                            "required": true
                                        },
                                        "service_name": {
                                            "type": "string",
                                            "description_kind": "plain",
                                            "required": true
                                        }
                                    },
                                    "description_kind": "plain"
                                }
                            },
                            "tls": {
                                "nesting_mode": "list",
                                "block": {
                                    "attributes": {
                                        "hosts": {
                                            "type": [
                                                "list",
                                                "string"
                                            ],
                                            "description_kind": "plain",
                                            "optional": true
                                        },
                                        "secret_name": {
                                            "type": "string",
                                            "description_kind": "plain",
                                            "optional": true
                                        }
                                    },
                                    "description_kind": "plain"
                                }
                            }
                        },
                        "description_kind": "plain"
                    }
                },
                "portainer_kubernetes_job": {
                    "version": 0,
                    "block": {
                        "attributes": {
                            "endpoint_id": {
                                "type": "number",
                                "description_kind": "plain",
                                "required": true
                            },
                            "id": {
                                "type": "string",
                                "description_kind": "plain",
                                "optional": true,
                                "computed": true
                            },
                            "manifest": {
                                "type": "string",
                                "description_kind": "plain",
                                "required": true
                            },
                            "namespace": {
                                "type": "string",
                                "description_kind": "plain",
                                "required": true
                            }
                        },
                        "description_kind": "plain"
                    }
                },
                "portainer_kubernetes_namespace": {
                    "version": 0,
                    "block": {
                        "attributes": {
                            "annotations": {
                                "type": [
                                    "map",
                                    "string"
                                ],
                                "description_kind": "plain",
                                "optional": true
                            },
                            "environment_id": {
                                "type": "number",
                                "description_kind": "plain",
                                "required": true
                            },
                            "id": {
                                "type": "string",
                                "description_kind": "plain",
                                "optional": true,
                                "computed": true
                            },
                            "name": {
                                "type": "string",
                                "description_kind": "plain",
                                "required": true
                            },
                            "owner": {
                                "type": "string",
                                "description_kind": "plain",
                                "optional": true
                            },
                            "resource_quota": {
                                "type": [
                                    "map",
                                    "string"
                                ],
                                "description_kind": "plain",
                                "optional": true
                            }
                        },
                        "description_kind": "plain"
                    }
                },
                "portainer_kubernetes_namespace_access": {
                    "version": 0,
                    "block": {
                        "attributes": {
                            "endpoint_id": {
                                "type": "number",
                                "description_kind": "plain",
                                "required": true
                            },
                            "id": {
                                "type": "string",
                                "description_kind": "plain",
                                "optional": true,
                                "computed": true
                            },
                            "namespace_id": {
                                "type": "string",
                                "description_kind": "plain",
                                "required": true
                            },
                            "teams_to_add": {
                                "type": [
                                    "list",
                                    "number"
                                ],
                                "description_kind": "plain",
                                "optional": true
                            },
                            "teams_to_remove": {
                                "type": [
                                    "list",
                                    "number"
                                ],
                                "description_kind": "plain",
                                "optional": true
                            },
                            "users_to_add": {
                                "type": [
                                    "list",
                                    "number"
                                ],
                                "description_kind": "plain",
                                "optional": true
                            },
                            "users_to_remove": {
                                "type": [
                                    "list",
                                    "number"
                                ],
                                "description_kind": "plain",
                                "optional": true
                            }
                        },
                        "description_kind": "plain"
                    }
                },
                "portainer_kubernetes_namespace_ingresscontrollers": {
                    "version": 0,
                    "block": {
                        "attributes": {
                            "environment_id": {
                                "type": "number",
                                "description_kind": "plain",
                                "required": true
                            },
                            "id": {
                                "type": "string",
                                "description_kind": "plain",
                                "optional": true,
                                "computed": true
                            },
                            "namespace": {
                                "type": "string",
                                "description_kind": "plain",
                                "required": true
                            }
                        },
                        "block_types": {
                            "controllers": {
                                "nesting_mode": "list",
                                "block": {
                                    "attributes": {
                                        "availability": {
                                            "type": "bool",
                                            "description_kind": "plain",
                                            "required": true
                                        },
                                        "class_name": {
                                            "type": "string",
                                            "description_kind": "plain",
                                            "required": true
                                        },
                                        "name": {
                                            "type": "string",
                                            "description_kind": "plain",
                                            "required": true
                                        },
                                        "new": {
                                            "type": "bool",
                                            "description_kind": "plain",
                                            "required": true
                                        },
                                        "type": {
                                            "type": "string",
                                            "description_kind": "plain",
                                            "required": true
                                        },
                                        "used": {
                                            "type": "bool",
                                            "description_kind": "plain",
                                            "required": true
                                        }
                                    },
                                    "description_kind": "plain"
                                },
                                "min_items": 1
                            }
                        },
                        "description_kind": "plain"
                    }
                },
                "portainer_kubernetes_namespace_system": {
                    "version": 0,
                    "block": {
                        "attributes": {
                            "environment_id": {
                                "type": "number",
                                "description_kind": "plain",
                                "required": true
                            },
                            "id": {
                                "type": "string",
                                "description_kind": "plain",
                                "optional": true,
                                "computed": true
                            },
                            "namespace": {
                                "type": "string",
                                "description_kind": "plain",
                                "required": true
                            },
                            "system": {
                                "type": "bool",
                                "description_kind": "plain",
                                "required": true
                            }
                        },
                        "description_kind": "plain"
                    }
                },
                "portainer_kubernetes_role": {
                    "version": 0,
                    "block": {
                        "attributes": {
                            "endpoint_id": {
                                "type": "number",
                                "description_kind": "plain",
                                "required": true
                            },
                            "id": {
                                "type": "string",
                                "description_kind": "plain",
                                "optional": true,
                                "computed": true
                            },
                            "manifest": {
                                "type": "string",
                                "description_kind": "plain",
                                "required": true
                            },
                            "namespace": {
                                "type": "string",
                                "description_kind": "plain",
                                "required": true
                            }
                        },
                        "description_kind": "plain"
                    }
                },
                "portainer_kubernetes_rolebinding": {
                    "version": 0,
                    "block": {
                        "attributes": {
                            "endpoint_id": {
                                "type": "number",
                                "description_kind": "plain",
                                "required": true
                            },
                            "id": {
                                "type": "string",
                                "description_kind": "plain",
                                "optional": true,
                                "computed": true
                            },
                            "manifest": {
                                "type": "string",
                                "description_kind": "plain",
                                "required": true
                            },
                            "namespace": {
                                "type": "string",
                                "description_kind": "plain",
                                "required": true
                            }
                        },
                        "description_kind": "plain"
                    }
                },
                "portainer_kubernetes_secret": {
                    "version": 0,
                    "block": {
                        "attributes": {
                            "endpoint_id": {
                                "type": "number",
                                "description_kind": "plain",
                                "required": true
                            },
                            "id": {
                                "type": "string",
                                "description_kind": "plain",
                                "optional": true,
                                "computed": true
                            },
                            "manifest": {
                                "type": "string",
                                "description_kind": "plain",
                                "required": true
                            },
                            "namespace": {
                                "type": "string",
                                "description_kind": "plain",
                                "required": true
                            }
                        },
                        "description_kind": "plain"
                    }
                },
                "portainer_kubernetes_service": {
                    "version": 0,
                    "block": {
                        "attributes": {
                            "endpoint_id": {
                                "type": "number",
                                "description_kind": "plain",
                                "required": true
                            },
                            "id": {
                                "type": "string",
                                "description_kind": "plain",
                                "optional": true,
                                "computed": true
                            },
                            "manifest": {
                                "type": "string",
                                "description_kind": "plain",
                                "required": true
                            },
                            "namespace": {
                                "type": "string",
                                "description_kind": "plain",
                                "required": true
                            }
                        },
                        "description_kind": "plain"
                    }
                },
                "portainer_kubernetes_serviceaccounts": {
                    "version": 0,
                    "block": {
                        "attributes": {
                            "endpoint_id": {
                                "type": "number",
                                "description_kind": "plain",
                                "required": true
                            },
                            "id": {
                                "type": "string",
                                "description_kind": "plain",
                                "optional": true,
                                "computed": true
                            },
                            "manifest": {
                                "type": "string",
                                "description_kind": "plain",
                                "required": true
                            },
                            "namespace": {
                                "type": "string",
                                "description_kind": "plain",
                                "required": true
                            }
                        },
                        "description_kind": "plain"
                    }
                },
                "portainer_kubernetes_storage": {
                    "version": 0,
                    "block": {
                        "attributes": {
                            "endpoint_id": {
                                "type": "number",
                                "description_kind": "plain",
                                "required": true
                            },
                            "id": {
                                "type": "string",
                                "description_kind": "plain",
                                "optional": true,
                                "computed": true
                            },
                            "manifest": {
                                "type": "string",
                                "description_kind": "plain",
                                "required": true
                            }
                        },
                        "description_kind": "plain"
                    }
                },
                "portainer_kubernetes_volume": {
                    "version": 0,
                    "block": {
                        "attributes": {
                            "endpoint_id": {
                                "type": "number",
                                "description_kind": "plain",
                                "required": true
                            },
                            "id": {
                                "type": "string",
                                "description_kind": "plain",
                                "optional": true,
                                "computed": true
                            },
                            "manifest": {
                                "type": "string",
                                "description_kind": "plain",
                                "required": true
                            },
                            "namespace": {
                                "type": "string",
                                "description_kind": "plain",
                                "optional": true
                            },
                            "type": {
                                "type": "string",
                                "description_kind": "plain",
                                "required": true
                            }
                        },
                        "description_kind": "plain"
                    }
                },
                "portainer_licenses": {
                    "version": 0,
                    "block": {
                        "attributes": {
                            "conflicting_keys": {
                                "type": [
                                    "list",
                                    "string"
                                ],
                                "description": "List of conflicting license keys, if any",
                                "description_kind": "plain",
                                "computed": true
                            },
                            "force": {
                                "type": "bool",
                                "description": "Force attach even if there are conflicting licenses",
                                "description_kind": "plain",
                                "optional": true
                            },
                            "id": {
                                "type": "string",
                                "description_kind": "plain",
                                "optional": true,
                                "computed": true
                            },
                            "key": {
                                "type": "string",
                                "description": "License key to be attached",
                                "description_kind": "plain",
                                "required": true,
                                "sensitive": true
                            }
                        },
                        "description_kind": "plain"
                    }
                },
                "portainer_open_amt": {
                    "version": 0,
                    "block": {
                        "attributes": {
                            "cert_file_content": {
                                "type": "string",
                                "description_kind": "plain",
                                "required": true,
                                "sensitive": true
                            },
                            "cert_file_name": {
                                "type": "string",
                                "description_kind": "plain",
                                "required": true
                            },
                            "cert_file_password": {
                                "type": "string",
                                "description_kind": "plain",
                                "required": true,
                                "sensitive": true
                            },
                            "domain_name": {
                                "type": "string",
                                "description_kind": "plain",
                                "required": true
                            },
                            "enabled": {
                                "type": "bool",
                                "description_kind": "plain",
                                "required": true
                            },
                            "id": {
                                "type": "string",
                                "description_kind": "plain",
                                "optional": true,
                                "computed": true
                            },
                            "mpspassword": {
                                "type": "string",
                                "description_kind": "plain",
                                "required": true,
                                "sensitive": true
                            },
                            "mpsserver": {
                                "type": "string",
                                "description_kind": "plain",
                                "required": true
                            },
                            "mpsuser": {
                                "type": "string",
                                "description_kind": "plain",
                                "required": true
                            }
                        },
                        "description_kind": "plain"
                    }
                },
                "portainer_open_amt_activate": {
                    "version": 0,
                    "block": {
                        "attributes": {
                            "environment_id": {
                                "type": "number",
                                "description": "The ID of the environment (endpoint) to activate OpenAMT on.",
                                "description_kind": "plain",
                                "required": true
                            },
                            "id": {
                                "type": "string",
                                "description_kind": "plain",
                                "optional": true,
                                "computed": true
                            }
                        },
                        "description_kind": "plain"
                    }
                },
                "portainer_open_amt_devices_action": {
                    "version": 0,
                    "block": {
                        "attributes": {
                            "action": {
                                "type": "string",
                                "description": "The out-of-band action to execute on the device (e.g. poweron, poweroff, reset).",
                                "description_kind": "plain",
                                "required": true
                            },
                            "device_id": {
                                "type": "number",
                                "description": "The ID of the AMT managed device.",
                                "description_kind": "plain",
                                "required": true
                            },
                            "environment_id": {
                                "type": "number",
                                "description": "The ID of the environment (endpoint).",
                                "description_kind": "plain",
                                "required": true
                            },
                            "id": {
                                "type": "string",
                                "description_kind": "plain",
                                "optional": true,
                                "computed": true
                            }
                        },
                        "description_kind": "plain"
                    }
                },
                "portainer_open_amt_devices_features": {
                    "version": 0,
                    "block": {
                        "attributes": {
                            "device_id": {
                                "type": "number",
                                "description": "ID of the AMT-managed device.",
                                "description_kind": "plain",
                                "required": true
                            },
                            "environment_id": {
                                "type": "number",
                                "description": "Portainer environment (endpoint) ID.",
                                "description_kind": "plain",
                                "required": true
                            },
                            "id": {
                                "type": "string",
                                "description_kind": "plain",
                                "optional": true,
                                "computed": true
                            },
                            "ider": {
                                "type": "bool",
                                "description": "Enable IDER (IDE Redirection).",
                                "description_kind": "plain",
                                "optional": true
                            },
                            "kvm": {
                                "type": "bool",
                                "description": "Enable KVM (Keyboard/Video/Mouse).",
                                "description_kind": "plain",
                                "optional": true
                            },
                            "redirection": {
                                "type": "bool",
                                "description": "Enable redirection.",
                                "description_kind": "plain",
                                "optional": true
                            },
                            "sol": {
                                "type": "bool",
                                "description": "Enable SOL (Serial Over LAN).",
                                "description_kind": "plain",
                                "optional": true
                            },
                            "user_consent": {
                                "type": "string",
                                "description": "User consent policy (e.g., 'none', 'all', 'kvmOnly').",
                                "description_kind": "plain",
                                "optional": true
                            }
                        },
                        "description_kind": "plain"
                    }
                },
                "portainer_registry": {
                    "version": 0,
                    "block": {
                        "attributes": {
                            "authentication": {
                                "type": "bool",
                                "description_kind": "plain",
                                "optional": true
                            },
                            "aws_region": {
                                "type": "string",
                                "description_kind": "plain",
                                "optional": true
                            },
                            "base_url": {
                                "type": "string",
                                "description_kind": "plain",
                                "optional": true
                            },
                            "github_organisation_name": {
                                "type": "string",
                                "description_kind": "plain",
                                "optional": true
                            },
                            "github_use_organisation": {
                                "type": "bool",
                                "description_kind": "plain",
                                "optional": true
                            },
                            "id": {
                                "type": "string",
                                "description_kind": "plain",
                                "optional": true,
                                "computed": true
                            },
                            "instance_url": {
                                "type": "string",
                                "description_kind": "plain",
                                "optional": true
                            },
                            "name": {
                                "type": "string",
                                "description_kind": "plain",
                                "required": true
                            },
                            "password": {
                                "type": "string",
                                "description_kind": "plain",
                                "optional": true,
                                "sensitive": true
                            },
                            "quay_organisation_name": {
                                "type": "string",
                                "description_kind": "plain",
                                "optional": true
                            },
                            "quay_use_organisation": {
                                "type": "bool",
                                "description_kind": "plain",
                                "optional": true
                            },
                            "type": {
                                "type": "number",
                                "description_kind": "plain",
                                "required": true
                            },
                            "url": {
                                "type": "string",
                                "description_kind": "plain",
                                "required": true
                            },
                            "username": {
                                "type": "string",
                                "description_kind": "plain",
                                "optional": true
                            }
                        },
                        "description_kind": "plain"
                    }
                },
                "portainer_resource_control": {
                    "version": 0,
                    "block": {
                        "attributes": {
                            "administrators_only": {
                                "type": "bool",
                                "description_kind": "plain",
                                "optional": true
                            },
                            "id": {
                                "type": "string",
                                "description_kind": "plain",
                                "optional": true,
                                "computed": true
                            },
                            "public": {
                                "type": "bool",
                                "description_kind": "plain",
                                "optional": true
                            },
                            "resource_control_id": {
                                "type": "number",
                                "description_kind": "plain",
                                "optional": true
                            },
                            "resource_id": {
                                "type": "string",
                                "description_kind": "plain",
                                "optional": true
                            },
                            "teams": {
                                "type": [
                                    "list",
                                    "number"
                                ],
                                "description_kind": "plain",
                                "optional": true
                            },
                            "type": {
                                "type": "number",
                                "description_kind": "plain",
                                "optional": true
                            },
                            "users": {
                                "type": [
                                    "list",
                                    "number"
                                ],
                                "description_kind": "plain",
                                "optional": true
                            }
                        },
                        "description_kind": "plain"
                    }
                },
                "portainer_settings": {
                    "version": 0,
                    "block": {
                        "attributes": {
                            "authentication_method": {
                                "type": "number",
                                "description_kind": "plain",
                                "optional": true,
                                "computed": true
                            },
                            "disable_kube_roles_sync": {
                                "type": "bool",
                                "description_kind": "plain",
                                "optional": true,
                                "computed": true
                            },
                            "disable_kube_shell": {
                                "type": "bool",
                                "description_kind": "plain",
                                "optional": true,
                                "computed": true
                            },
                            "disable_kubeconfig_download": {
                                "type": "bool",
                                "description_kind": "plain",
                                "optional": true,
                                "computed": true
                            },
                            "display_donation_header": {
                                "type": "bool",
                                "description_kind": "plain",
                                "optional": true,
                                "computed": true
                            },
                            "display_external_contributors": {
                                "type": "bool",
                                "description_kind": "plain",
                                "optional": true,
                                "computed": true
                            },
                            "edge_agent_checkin_interval": {
                                "type": "number",
                                "description_kind": "plain",
                                "optional": true,
                                "computed": true
                            },
                            "edge_portainer_url": {
                                "type": "string",
                                "description_kind": "plain",
                                "optional": true,
                                "computed": true
                            },
                            "enable_edge_compute_features": {
                                "type": "bool",
                                "description_kind": "plain",
                                "optional": true,
                                "computed": true
                            },
                            "enable_telemetry": {
                                "type": "bool",
                                "description_kind": "plain",
                                "optional": true,
                                "computed": true
                            },
                            "enforce_edge_id": {
                                "type": "bool",
                                "description_kind": "plain",
                                "optional": true,
                                "computed": true
                            },
                            "helm_repository_url": {
                                "type": "string",
                                "description_kind": "plain",
                                "optional": true,
                                "computed": true
                            },
                            "id": {
                                "type": "string",
                                "description_kind": "plain",
                                "optional": true,
                                "computed": true
                            },
                            "is_docker_desktop_extension": {
                                "type": "bool",
                                "description_kind": "plain",
                                "optional": true,
                                "computed": true
                            },
                            "kubeconfig_expiry": {
                                "type": "string",
                                "description_kind": "plain",
                                "optional": true,
                                "computed": true
                            },
                            "kubectl_shell_image": {
                                "type": "string",
                                "description_kind": "plain",
                                "optional": true,
                                "computed": true
                            },
                            "logo_url": {
                                "type": "string",
                                "description_kind": "plain",
                                "optional": true,
                                "computed": true
                            },
                            "snapshot_interval": {
                                "type": "string",
                                "description_kind": "plain",
                                "optional": true,
                                "computed": true
                            },
                            "templates_url": {
                                "type": "string",
                                "description_kind": "plain",
                                "optional": true,
                                "computed": true
                            },
                            "trust_on_first_connect": {
                                "type": "bool",
                                "description_kind": "plain",
                                "optional": true,
                                "computed": true
                            },
                            "user_session_timeout": {
                                "type": "string",
                                "description_kind": "plain",
                                "optional": true,
                                "computed": true
                            }
                        },
                        "block_types": {
                            "black_listed_labels": {
                                "nesting_mode": "list",
                                "block": {
                                    "attributes": {
                                        "name": {
                                            "type": "string",
                                            "description_kind": "plain",
                                            "required": true
                                        },
                                        "value": {
                                            "type": "string",
                                            "description_kind": "plain",
                                            "required": true
                                        }
                                    },
                                    "description_kind": "plain"
                                }
                            },
                            "global_deployment_options": {
                                "nesting_mode": "list",
                                "block": {
                                    "attributes": {
                                        "hide_stacks_functionality": {
                                            "type": "bool",
                                            "description_kind": "plain",
                                            "optional": true,
                                            "computed": true
                                        }
                                    },
                                    "description_kind": "plain"
                                },
                                "max_items": 1
                            },
                            "internal_auth_settings": {
                                "nesting_mode": "list",
                                "block": {
                                    "attributes": {
                                        "required_password_length": {
                                            "type": "number",
                                            "description_kind": "plain",
                                            "optional": true,
                                            "computed": true
                                        }
                                    },
                                    "description_kind": "plain"
                                },
                                "max_items": 1
                            },
                            "ldap_settings": {
                                "nesting_mode": "list",
                                "block": {
                                    "attributes": {
                                        "anonymous_mode": {
                                            "type": "bool",
                                            "description_kind": "plain",
                                            "optional": true,
                                            "computed": true
                                        },
                                        "auto_create_users": {
                                            "type": "bool",
                                            "description_kind": "plain",
                                            "optional": true,
                                            "computed": true
                                        },
                                        "password": {
                                            "type": "string",
                                            "description_kind": "plain",
                                            "optional": true,
                                            "computed": true,
                                            "sensitive": true
                                        },
                                        "reader_dn": {
                                            "type": "string",
                                            "description_kind": "plain",
                                            "optional": true,
                                            "computed": true
                                        },
                                        "start_tls": {
                                            "type": "bool",
                                            "description_kind": "plain",
                                            "optional": true,
                                            "computed": true
                                        },
                                        "url": {
                                            "type": "string",
                                            "description_kind": "plain",
                                            "optional": true,
                                            "computed": true
                                        }
                                    },
                                    "block_types": {
                                        "group_search_settings": {
                                            "nesting_mode": "list",
                                            "block": {
                                                "attributes": {
                                                    "group_attribute": {
                                                        "type": "string",
                                                        "description_kind": "plain",
                                                        "optional": true,
                                                        "computed": true
                                                    },
                                                    "group_base_dn": {
                                                        "type": "string",
                                                        "description_kind": "plain",
                                                        "optional": true,
                                                        "computed": true
                                                    },
                                                    "group_filter": {
                                                        "type": "string",
                                                        "description_kind": "plain",
                                                        "optional": true,
                                                        "computed": true
                                                    }
                                                },
                                                "description_kind": "plain"
                                            }
                                        },
                                        "search_settings": {
                                            "nesting_mode": "list",
                                            "block": {
                                                "attributes": {
                                                    "base_dn": {
                                                        "type": "string",
                                                        "description_kind": "plain",
                                                        "optional": true,
                                                        "computed": true
                                                    },
                                                    "filter": {
                                                        "type": "string",
                                                        "description_kind": "plain",
                                                        "optional": true,
                                                        "computed": true
                                                    },
                                                    "user_name_attribute": {
                                                        "type": "string",
                                                        "description_kind": "plain",
                                                        "optional": true,
                                                        "computed": true
                                                    }
                                                },
                                                "description_kind": "plain"
                                            }
                                        },
                                        "tls_config": {
                                            "nesting_mode": "list",
                                            "block": {
                                                "attributes": {
                                                    "tls": {
                                                        "type": "bool",
                                                        "description_kind": "plain",
                                                        "optional": true,
                                                        "computed": true
                                                    },
                                                    "tls_ca_cert": {
                                                        "type": "string",
                                                        "description_kind": "plain",
                                                        "optional": true,
                                                        "computed": true
                                                    },
                                                    "tls_cert": {
                                                        "type": "string",
                                                        "description_kind": "plain",
                                                        "optional": true,
                                                        "computed": true
                                                    },
                                                    "tls_key": {
                                                        "type": "string",
                                                        "description_kind": "plain",
                                                        "optional": true,
                                                        "computed": true
                                                    },
                                                    "tls_skip_verify": {
                                                        "type": "bool",
                                                        "description_kind": "plain",
                                                        "optional": true,
                                                        "computed": true
                                                    }
                                                },
                                                "description_kind": "plain"
                                            },
                                            "max_items": 1
                                        }
                                    },
                                    "description_kind": "plain"
                                },
                                "max_items": 1
                            },
                            "oauth_settings": {
                                "nesting_mode": "list",
                                "block": {
                                    "attributes": {
                                        "access_token_uri": {
                                            "type": "string",
                                            "description_kind": "plain",
                                            "optional": true,
                                            "computed": true
                                        },
                                        "auth_style": {
                                            "type": "number",
                                            "description_kind": "plain",
                                            "optional": true,
                                            "computed": true
                                        },
                                        "authorization_uri": {
                                            "type": "string",
                                            "description_kind": "plain",
                                            "optional": true,
                                            "computed": true
                                        },
                                        "client_id": {
                                            "type": "string",
                                            "description_kind": "plain",
                                            "optional": true,
                                            "computed": true
                                        },
                                        "client_secret": {
                                            "type": "string",
                                            "description_kind": "plain",
                                            "optional": true,
                                            "computed": true,
                                            "sensitive": true
                                        },
                                        "default_team_id": {
                                            "type": "number",
                                            "description_kind": "plain",
                                            "optional": true,
                                            "computed": true
                                        },
                                        "hide_internal_auth": {
                                            "type": "bool",
                                            "description_kind": "plain",
                                            "optional": true,
                                            "computed": true
                                        },
                                        "kube_secret_key": {
                                            "type": [
                                                "list",
                                                "number"
                                            ],
                                            "description_kind": "plain",
                                            "optional": true,
                                            "computed": true
                                        },
                                        "logout_uri": {
                                            "type": "string",
                                            "description_kind": "plain",
                                            "optional": true,
                                            "computed": true
                                        },
                                        "microsoft_tenant_id": {
                                            "type": "string",
                                            "description_kind": "plain",
                                            "optional": true,
                                            "computed": true
                                        },
                                        "oauth_auto_create_users": {
                                            "type": "bool",
                                            "description_kind": "plain",
                                            "optional": true,
                                            "computed": true
                                        },
                                        "oauth_auto_map_team_memberships": {
                                            "type": "bool",
                                            "description_kind": "plain",
                                            "optional": true,
                                            "computed": true
                                        },
                                        "redirect_uri": {
                                            "type": "string",
                                            "description_kind": "plain",
                                            "optional": true,
                                            "computed": true
                                        },
                                        "resource_uri": {
                                            "type": "string",
                                            "description_kind": "plain",
                                            "optional": true,
                                            "computed": true
                                        },
                                        "scopes": {
                                            "type": "string",
                                            "description_kind": "plain",
                                            "optional": true,
                                            "computed": true
                                        },
                                        "sso": {
                                            "type": "bool",
                                            "description_kind": "plain",
                                            "optional": true,
                                            "computed": true
                                        },
                                        "user_identifier": {
                                            "type": "string",
                                            "description_kind": "plain",
                                            "optional": true,
                                            "computed": true
                                        }
                                    },
                                    "block_types": {
                                        "team_memberships": {
                                            "nesting_mode": "list",
                                            "block": {
                                                "attributes": {
                                                    "admin_auto_populate": {
                                                        "type": "bool",
                                                        "description_kind": "plain",
                                                        "optional": true,
                                                        "computed": true
                                                    },
                                                    "admin_group_claims_regex_list": {
                                                        "type": [
                                                            "list",
                                                            "string"
                                                        ],
                                                        "description_kind": "plain",
                                                        "optional": true,
                                                        "computed": true
                                                    },
                                                    "oauth_claim_name": {
                                                        "type": "string",
                                                        "description_kind": "plain",
                                                        "optional": true,
                                                        "computed": true
                                                    }
                                                },
                                                "block_types": {
                                                    "oauth_claim_mappings": {
                                                        "nesting_mode": "list",
                                                        "block": {
                                                            "attributes": {
                                                                "claim_val_regex": {
                                                                    "type": "string",
                                                                    "description_kind": "plain",
                                                                    "optional": true,
                                                                    "computed": true
                                                                },
                                                                "team": {
                                                                    "type": "number",
                                                                    "description_kind": "plain",
                                                                    "optional": true,
                                                                    "computed": true
                                                                }
                                                            },
                                                            "description_kind": "plain"
                                                        }
                                                    }
                                                },
                                                "description_kind": "plain"
                                            },
                                            "max_items": 1
                                        }
                                    },
                                    "description_kind": "plain"
                                },
                                "max_items": 1
                            }
                        },
                        "description_kind": "plain"
                    }
                },
                "portainer_settings_experimental": {
                    "version": 0,
                    "block": {
                        "attributes": {
                            "id": {
                                "type": "string",
                                "description_kind": "plain",
                                "optional": true,
                                "computed": true
                            },
                            "openai_integration": {
                                "type": "bool",
                                "description": "Enable or disable OpenAI integration.",
                                "description_kind": "plain",
                                "optional": true
                            }
                        },
                        "description_kind": "plain"
                    }
                },
                "portainer_sshkeygen": {
                    "version": 0,
                    "block": {
                        "attributes": {
                            "id": {
                                "type": "string",
                                "description_kind": "plain",
                                "optional": true,
                                "computed": true
                            },
                            "private": {
                                "type": "string",
                                "description": "Generated private key",
                                "description_kind": "plain",
                                "computed": true,
                                "sensitive": true
                            },
                            "public": {
                                "type": "string",
                                "description": "Generated public key",
                                "description_kind": "plain",
                                "computed": true
                            }
                        },
                        "description_kind": "plain"
                    }
                },
                "portainer_ssl": {
                    "version": 0,
                    "block": {
                        "attributes": {
                            "cert": {
                                "type": "string",
                                "description": "SSL certificate content",
                                "description_kind": "plain",
                                "required": true,
                                "sensitive": true
                            },
                            "client_cert": {
                                "type": "string",
                                "description": "SSL client certificate content",
                                "description_kind": "plain",
                                "optional": true,
                                "sensitive": true
                            },
                            "http_enabled": {
                                "type": "bool",
                                "description": "Whether HTTP should be enabled (true) or disabled (false)",
                                "description_kind": "plain",
                                "required": true
                            },
                            "id": {
                                "type": "string",
                                "description_kind": "plain",
                                "optional": true,
                                "computed": true
                            },
                            "key": {
                                "type": "string",
                                "description": "SSL private key content",
                                "description_kind": "plain",
                                "required": true,
                                "sensitive": true
                            }
                        },
                        "description_kind": "plain"
                    }
                },
                "portainer_stack": {
                    "version": 0,
                    "block": {
                        "attributes": {
                            "additional_files": {
                                "type": [
                                    "list",
                                    "string"
                                ],
                                "description": "List of additional Compose file paths to use when deploying from Git repository.",
                                "description_kind": "plain",
                                "optional": true
                            },
                            "compose_format": {
                                "type": "bool",
                                "description_kind": "plain",
                                "optional": true
                            },
                            "deployment_type": {
                                "type": "string",
                                "description": "Deployment mode: 'standalone', 'swarm', or 'kubernetes'",
                                "description_kind": "plain",
                                "required": true
                            },
                            "endpoint_id": {
                                "type": "number",
                                "description_kind": "plain",
                                "required": true
                            },
                            "file_path_in_repository": {
                                "type": "string",
                                "description_kind": "plain",
                                "optional": true
                            },
                            "filesystem_path": {
                                "type": "string",
                                "description_kind": "plain",
                                "optional": true
                            },
                            "force_update": {
                                "type": "bool",
                                "description": "Whether to prune unused services/networks during stack update (default: true)",
                                "description_kind": "plain",
                                "optional": true
                            },
                            "git_repository_authentication": {
                                "type": "bool",
                                "description_kind": "plain",
                                "optional": true
                            },
                            "id": {
                                "type": "string",
                                "description_kind": "plain",
                                "optional": true,
                                "computed": true
                            },
                            "manifest_url": {
                                "type": "string",
                                "description_kind": "plain",
                                "optional": true
                            },
                            "method": {
                                "type": "string",
                                "description": "Creation method: 'string', 'file', 'repository', or 'url'",
                                "description_kind": "plain",
                                "required": true
                            },
                            "name": {
                                "type": "string",
                                "description_kind": "plain",
                                "required": true
                            },
                            "namespace": {
                                "type": "string",
                                "description_kind": "plain",
                                "optional": true
                            },
                            "prune": {
                                "type": "bool",
                                "description": "Whether to prune unused services/networks during stack update (default: false)",
                                "description_kind": "plain",
                                "optional": true
                            },
                            "pull_image": {
                                "type": "bool",
                                "description": "Whether to force pull latest images during stack update (default: true)",
                                "description_kind": "plain",
                                "optional": true
                            },
                            "repository_password": {
                                "type": "string",
                                "description_kind": "plain",
                                "optional": true,
                                "sensitive": true
                            },
                            "repository_password_wo": {
                                "type": "string",
                                "description": "Write-only repository password (supports ephemeral values; not stored in Terraform state).",
                                "description_kind": "plain",
                                "optional": true,
                                "sensitive": true,
                                "write_only": true
                            },
                            "repository_reference_name": {
                                "type": "string",
                                "description_kind": "plain",
                                "optional": true
                            },
                            "repository_url": {
                                "type": "string",
                                "description_kind": "plain",
                                "optional": true
                            },
                            "repository_url_wo": {
                                "type": "string",
                                "description": "Write-only repository URL (supports ephemeral values; not stored in Terraform state).",
                                "description_kind": "plain",
                                "optional": true,
                                "write_only": true
                            },
                            "repository_username": {
                                "type": "string",
                                "description_kind": "plain",
                                "optional": true
                            },
                            "repository_username_wo": {
                                "type": "string",
                                "description": "Write-only repository username (supports ephemeral values).",
                                "description_kind": "plain",
                                "optional": true,
                                "sensitive": true,
                                "write_only": true
                            },
                            "repository_wo_version": {
                                "type": "number",
                                "description": "Version flag for write-only repository credentials; increment to trigger recreation.",
                                "description_kind": "plain",
                                "optional": true
                            },
                            "resource_control_id": {
                                "type": "number",
                                "description_kind": "plain",
                                "computed": true
                            },
                            "stack_file_content": {
                                "type": "string",
                                "description_kind": "plain",
                                "optional": true
                            },
                            "stack_file_path": {
                                "type": "string",
                                "description_kind": "plain",
                                "optional": true
                            },
                            "stack_webhook": {
                                "type": "bool",
                                "description": "Enable autoUpdate webhook (GitOps).",
                                "description_kind": "plain",
                                "optional": true
                            },
                            "support_relative_path": {
                                "type": "bool",
                                "description_kind": "plain",
                                "optional": true
                            },
                            "swarm_id": {
                                "type": "string",
                                "description_kind": "plain",
                                "optional": true,
                                "computed": true
                            },
                            "tlsskip_verify": {
                                "type": "bool",
                                "description_kind": "plain",
                                "optional": true,
                                "computed": true
                            },
                            "update_interval": {
                                "type": "string",
                                "description_kind": "plain",
                                "optional": true
                            },
                            "webhook_id": {
                                "type": "string",
                                "description": "UUID of the GitOps webhook (read-only).",
                                "description_kind": "plain",
                                "computed": true
                            },
                            "webhook_url": {
                                "type": "string",
                                "description": "Full URL of the webhook trigger",
                                "description_kind": "plain",
                                "computed": true
                            }
                        },
                        "block_types": {
                            "env": {
                                "nesting_mode": "list",
                                "block": {
                                    "attributes": {
                                        "name": {
                                            "type": "string",
                                            "description_kind": "plain",
                                            "required": true
                                        },
                                        "value": {
                                            "type": "string",
                                            "description_kind": "plain",
                                            "required": true
                                        }
                                    },
                                    "description_kind": "plain"
                                }
                            }
                        },
                        "description_kind": "plain"
                    }
                },
                "portainer_stack_associate": {
                    "version": 0,
                    "block": {
                        "attributes": {
                            "endpoint_id": {
                                "type": "number",
                                "description_kind": "plain",
                                "required": true
                            },
                            "id": {
                                "type": "string",
                                "description_kind": "plain",
                                "optional": true,
                                "computed": true
                            },
                            "orphaned_running": {
                                "type": "bool",
                                "description_kind": "plain",
                                "optional": true
                            },
                            "stack_id": {
                                "type": "number",
                                "description_kind": "plain",
                                "required": true
                            },
                            "swarm_id": {
                                "type": "string",
                                "description_kind": "plain",
                                "required": true
                            }
                        },
                        "description_kind": "plain"
                    }
                },
                "portainer_stack_webhook": {
                    "version": 0,
                    "block": {
                        "attributes": {
                            "id": {
                                "type": "string",
                                "description_kind": "plain",
                                "optional": true,
                                "computed": true
                            },
                            "webhook_id": {
                                "type": "string",
                                "description": "UUID of the webhook to trigger",
                                "description_kind": "plain",
                                "required": true
                            }
                        },
                        "description_kind": "plain"
                    }
                },
                "portainer_support_debug_log": {
                    "version": 0,
                    "block": {
                        "attributes": {
                            "enabled": {
                                "type": "bool",
                                "description": "Enable or disable the global debug log",
                                "description_kind": "plain",
                                "required": true
                            },
                            "id": {
                                "type": "string",
                                "description_kind": "plain",
                                "optional": true,
                                "computed": true
                            }
                        },
                        "description_kind": "plain"
                    }
                },
                "portainer_tag": {
                    "version": 0,
                    "block": {
                        "attributes": {
                            "id": {
                                "type": "string",
                                "description_kind": "plain",
                                "optional": true,
                                "computed": true
                            },
                            "name": {
                                "type": "string",
                                "description_kind": "plain",
                                "required": true
                            }
                        },
                        "description_kind": "plain"
                    }
                },
                "portainer_team": {
                    "version": 0,
                    "block": {
                        "attributes": {
                            "id": {
                                "type": "string",
                                "description_kind": "plain",
                                "optional": true,
                                "computed": true
                            },
                            "name": {
                                "type": "string",
                                "description_kind": "plain",
                                "required": true
                            }
                        },
                        "description_kind": "plain"
                    }
                },
                "portainer_team_membership": {
                    "version": 0,
                    "block": {
                        "attributes": {
                            "id": {
                                "type": "string",
                                "description_kind": "plain",
                                "optional": true,
                                "computed": true
                            },
                            "role": {
                                "type": "number",
                                "description": "Membership role: 1 = team leader, 2 = regular member",
                                "description_kind": "plain",
                                "required": true
                            },
                            "team_id": {
                                "type": "number",
                                "description": "ID of the team",
                                "description_kind": "plain",
                                "required": true
                            },
                            "user_id": {
                                "type": "number",
                                "description": "ID of the user",
                                "description_kind": "plain",
                                "required": true
                            }
                        },
                        "description_kind": "plain"
                    }
                },
                "portainer_tls": {
                    "version": 0,
                    "block": {
                        "attributes": {
                            "certificate": {
                                "type": "string",
                                "description": "Type of TLS certificate: one of 'ca', 'cert', 'key'",
                                "description_kind": "plain",
                                "required": true
                            },
                            "file_path": {
                                "type": "string",
                                "description": "Path to the local TLS file to upload",
                                "description_kind": "plain",
                                "required": true
                            },
                            "folder": {
                                "type": "string",
                                "description": "Folder name where the TLS file will be stored",
                                "description_kind": "plain",
                                "required": true
                            },
                            "id": {
                                "type": "string",
                                "description_kind": "plain",
                                "optional": true,
                                "computed": true
                            }
                        },
                        "description_kind": "plain"
                    }
                },
                "portainer_user": {
                    "version": 0,
                    "block": {
                        "attributes": {
                            "api_key_description": {
                                "type": "string",
                                "description_kind": "plain",
                                "optional": true
                            },
                            "api_key_raw": {
                                "type": "string",
                                "description_kind": "plain",
                                "computed": true
                            },
                            "generate_api_key": {
                                "type": "bool",
                                "description_kind": "plain",
                                "optional": true
                            },
                            "id": {
                                "type": "string",
                                "description_kind": "plain",
                                "optional": true,
                                "computed": true
                            },
                            "ldap_user": {
                                "type": "bool",
                                "description_kind": "plain",
                                "optional": true
                            },
                            "password": {
                                "type": "string",
                                "description_kind": "plain",
                                "optional": true,
                                "sensitive": true
                            },
                            "role": {
                                "type": "number",
                                "description_kind": "plain",
                                "optional": true
                            },
                            "team_id": {
                                "type": "number",
                                "description": "Optional Portainer team ID. Only applicable for standard users (role = 2).",
                                "description_kind": "plain",
                                "optional": true
                            },
                            "username": {
                                "type": "string",
                                "description_kind": "plain",
                                "required": true
                            }
                        },
                        "description_kind": "plain"
                    }
                },
                "portainer_user_admin": {
                    "version": 0,
                    "block": {
                        "attributes": {
                            "id": {
                                "type": "string",
                                "description_kind": "plain",
                                "optional": true,
                                "computed": true
                            },
                            "initialized": {
                                "type": "bool",
                                "description": "Whether the admin user has been initialized via this resource.",
                                "description_kind": "plain",
                                "computed": true
                            },
                            "password": {
                                "type": "string",
                                "description": "Password for the admin account. Only used during initial bootstrap.",
                                "description_kind": "plain",
                                "required": true,
                                "sensitive": true
                            },
                            "username": {
                                "type": "string",
                                "description": "Username of the admin account to initialize (defaults to 'admin').",
                                "description_kind": "plain",
                                "optional": true
                            }
                        },
                        "description_kind": "plain"
                    }
                },
                "portainer_webhook": {
                    "version": 0,
                    "block": {
                        "attributes": {
                            "endpoint_id": {
                                "type": "number",
                                "description_kind": "plain",
                                "required": true
                            },
                            "id": {
                                "type": "string",
                                "description_kind": "plain",
                                "optional": true,
                                "computed": true
                            },
                            "registry_id": {
                                "type": "number",
                                "description_kind": "plain",
                                "optional": true
                            },
                            "resource_id": {
                                "type": "string",
                                "description_kind": "plain",
                                "required": true
                            },
                            "token": {
                                "type": "string",
                                "description_kind": "plain",
                                "computed": true
                            },
                            "webhook_type": {
                                "type": "number",
                                "description_kind": "plain",
                                "required": true
                            }
                        },
                        "description_kind": "plain"
                    }
                },
                "portainer_webhook_execute": {
                    "version": 0,
                    "block": {
                        "attributes": {
                            "edge_stack_id": {
                                "type": "string",
                                "description": "Edge Stack ID for triggering edge stack GitOps update",
                                "description_kind": "plain",
                                "optional": true
                            },
                            "id": {
                                "type": "string",
                                "description_kind": "plain",
                                "optional": true,
                                "computed": true
                            },
                            "stack_id": {
                                "type": "string",
                                "description": "Stack ID for triggering stack GitOps update",
                                "description_kind": "plain",
                                "optional": true
                            },
                            "token": {
                                "type": "string",
                                "description": "Webhook token for service restart webhook",
                                "description_kind": "plain",
                                "optional": true
                            }
                        },
                        "description_kind": "plain"
                    }
                }
            }
        }
    }
}
